// !$*UTF8*$!
{
	archiveVersion = 1;
	classes = {
	};
	objectVersion = 46;
	objects = {

/* Begin PBXBuildFile section */
		3405C8A4196CB4FB00E87D17 /* brandon_blk-webfont.ttf in Resources */ = {isa = PBXBuildFile; fileRef = 3405C8A0196CB4FB00E87D17 /* brandon_blk-webfont.ttf */; };
		3405C8A5196CB4FB00E87D17 /* brandon_blk-webfont.ttf in Resources */ = {isa = PBXBuildFile; fileRef = 3405C8A0196CB4FB00E87D17 /* brandon_blk-webfont.ttf */; };
		3405C8A6196CB4FB00E87D17 /* helveticaneue-light-webfont.ttf in Resources */ = {isa = PBXBuildFile; fileRef = 3405C8A1196CB4FB00E87D17 /* helveticaneue-light-webfont.ttf */; };
		3405C8A7196CB4FB00E87D17 /* helveticaneue-light-webfont.ttf in Resources */ = {isa = PBXBuildFile; fileRef = 3405C8A1196CB4FB00E87D17 /* helveticaneue-light-webfont.ttf */; };
		3405C8A8196CB4FB00E87D17 /* helveticaneue-medium-webfont.ttf in Resources */ = {isa = PBXBuildFile; fileRef = 3405C8A2196CB4FB00E87D17 /* helveticaneue-medium-webfont.ttf */; };
		3405C8A9196CB4FB00E87D17 /* helveticaneue-medium-webfont.ttf in Resources */ = {isa = PBXBuildFile; fileRef = 3405C8A2196CB4FB00E87D17 /* helveticaneue-medium-webfont.ttf */; };
		3405C8AA196CB4FB00E87D17 /* helveticaneue-regular-webfont.ttf in Resources */ = {isa = PBXBuildFile; fileRef = 3405C8A3196CB4FB00E87D17 /* helveticaneue-regular-webfont.ttf */; };
		3405C8AB196CB4FB00E87D17 /* helveticaneue-regular-webfont.ttf in Resources */ = {isa = PBXBuildFile; fileRef = 3405C8A3196CB4FB00E87D17 /* helveticaneue-regular-webfont.ttf */; };
		3405C8AE196D0E8600E87D17 /* LoginScrollView.m in Sources */ = {isa = PBXBuildFile; fileRef = 3405C8AD196D0E8600E87D17 /* LoginScrollView.m */; };
		3405C8AF196D0E8600E87D17 /* LoginScrollView.m in Sources */ = {isa = PBXBuildFile; fileRef = 3405C8AD196D0E8600E87D17 /* LoginScrollView.m */; };
		3405C8C5196D31D800E87D17 /* Constants.m in Sources */ = {isa = PBXBuildFile; fileRef = 3405C8C4196D31D800E87D17 /* Constants.m */; };
		3405C8C6196D31D800E87D17 /* Constants.m in Sources */ = {isa = PBXBuildFile; fileRef = 3405C8C4196D31D800E87D17 /* Constants.m */; };
		3405C8CA196D35BA00E87D17 /* Localizable.strings in Resources */ = {isa = PBXBuildFile; fileRef = 3405C8CD196D35BA00E87D17 /* Localizable.strings */; };
		3405C8CB196D35BA00E87D17 /* Localizable.strings in Resources */ = {isa = PBXBuildFile; fileRef = 3405C8CD196D35BA00E87D17 /* Localizable.strings */; };
		3405C8E0196D73FC00E87D17 /* IncidentenViewController.m in Sources */ = {isa = PBXBuildFile; fileRef = 3405C8DF196D73FC00E87D17 /* IncidentenViewController.m */; };
		3405C8E1196D73FC00E87D17 /* IncidentenViewController.m in Sources */ = {isa = PBXBuildFile; fileRef = 3405C8DF196D73FC00E87D17 /* IncidentenViewController.m */; };
		3405C8E8196D745300E87D17 /* IncidentenView.m in Sources */ = {isa = PBXBuildFile; fileRef = 3405C8E7196D745300E87D17 /* IncidentenView.m */; };
		3405C8E9196D745300E87D17 /* IncidentenView.m in Sources */ = {isa = PBXBuildFile; fileRef = 3405C8E7196D745300E87D17 /* IncidentenView.m */; };
		3405C8EF196D761000E87D17 /* KaartViewController.m in Sources */ = {isa = PBXBuildFile; fileRef = 3405C8EE196D761000E87D17 /* KaartViewController.m */; };
		3405C8F0196D761000E87D17 /* KaartViewController.m in Sources */ = {isa = PBXBuildFile; fileRef = 3405C8EE196D761000E87D17 /* KaartViewController.m */; };
		3405C8F3196D761D00E87D17 /* KaartView.m in Sources */ = {isa = PBXBuildFile; fileRef = 3405C8F2196D761D00E87D17 /* KaartView.m */; };
		3405C8F4196D761D00E87D17 /* KaartView.m in Sources */ = {isa = PBXBuildFile; fileRef = 3405C8F2196D761D00E87D17 /* KaartView.m */; };
		3405C8F7196D762C00E87D17 /* ProfielViewController.m in Sources */ = {isa = PBXBuildFile; fileRef = 3405C8F6196D762C00E87D17 /* ProfielViewController.m */; };
		3405C8F8196D762C00E87D17 /* ProfielViewController.m in Sources */ = {isa = PBXBuildFile; fileRef = 3405C8F6196D762C00E87D17 /* ProfielViewController.m */; };
		3405C8FB196D763800E87D17 /* ProfielView.m in Sources */ = {isa = PBXBuildFile; fileRef = 3405C8FA196D763800E87D17 /* ProfielView.m */; };
		3405C8FC196D763800E87D17 /* ProfielView.m in Sources */ = {isa = PBXBuildFile; fileRef = 3405C8FA196D763800E87D17 /* ProfielView.m */; };
		3405C8FF196D764A00E87D17 /* InstellingenViewController.m in Sources */ = {isa = PBXBuildFile; fileRef = 3405C8FE196D764A00E87D17 /* InstellingenViewController.m */; };
		3405C900196D764A00E87D17 /* InstellingenViewController.m in Sources */ = {isa = PBXBuildFile; fileRef = 3405C8FE196D764A00E87D17 /* InstellingenViewController.m */; };
		3405C903196D765C00E87D17 /* InstellingenView.m in Sources */ = {isa = PBXBuildFile; fileRef = 3405C902196D765C00E87D17 /* InstellingenView.m */; };
		3405C904196D765C00E87D17 /* InstellingenView.m in Sources */ = {isa = PBXBuildFile; fileRef = 3405C902196D765C00E87D17 /* InstellingenView.m */; };
		3405C911196D892000E87D17 /* HeaderView.m in Sources */ = {isa = PBXBuildFile; fileRef = 3405C910196D892000E87D17 /* HeaderView.m */; };
		3405C912196D892000E87D17 /* HeaderView.m in Sources */ = {isa = PBXBuildFile; fileRef = 3405C910196D892000E87D17 /* HeaderView.m */; };
		3405C91B196DA3E900E87D17 /* FilterView.m in Sources */ = {isa = PBXBuildFile; fileRef = 3405C91A196DA3E900E87D17 /* FilterView.m */; };
		3405C91C196DA3E900E87D17 /* FilterView.m in Sources */ = {isa = PBXBuildFile; fileRef = 3405C91A196DA3E900E87D17 /* FilterView.m */; };
		3405C928196DF30400E87D17 /* Incident.m in Sources */ = {isa = PBXBuildFile; fileRef = 3405C927196DF30400E87D17 /* Incident.m */; };
		3405C929196DF30400E87D17 /* Incident.m in Sources */ = {isa = PBXBuildFile; fileRef = 3405C927196DF30400E87D17 /* Incident.m */; };
		3405C930196E617500E87D17 /* IncidentenListScrollView.m in Sources */ = {isa = PBXBuildFile; fileRef = 3405C92F196E617500E87D17 /* IncidentenListScrollView.m */; };
		3405C931196E617500E87D17 /* IncidentenListScrollView.m in Sources */ = {isa = PBXBuildFile; fileRef = 3405C92F196E617500E87D17 /* IncidentenListScrollView.m */; };
		3405C934196E726600E87D17 /* IncidentListItemView.m in Sources */ = {isa = PBXBuildFile; fileRef = 3405C933196E726600E87D17 /* IncidentListItemView.m */; };
		3405C935196E726600E87D17 /* IncidentListItemView.m in Sources */ = {isa = PBXBuildFile; fileRef = 3405C933196E726600E87D17 /* IncidentListItemView.m */; };
		3405C937196EC3E800E87D17 /* helveticaneue-italic.ttf in Resources */ = {isa = PBXBuildFile; fileRef = 3405C936196EC3E800E87D17 /* helveticaneue-italic.ttf */; };
		3405C938196EC3E800E87D17 /* helveticaneue-italic.ttf in Resources */ = {isa = PBXBuildFile; fileRef = 3405C936196EC3E800E87D17 /* helveticaneue-italic.ttf */; };
		346FB1B1196C2437009C0A65 /* Foundation.framework in Frameworks */ = {isa = PBXBuildFile; fileRef = 346FB1B0196C2437009C0A65 /* Foundation.framework */; };
		346FB1B3196C2437009C0A65 /* CoreGraphics.framework in Frameworks */ = {isa = PBXBuildFile; fileRef = 346FB1B2196C2437009C0A65 /* CoreGraphics.framework */; };
		346FB1B5196C2437009C0A65 /* UIKit.framework in Frameworks */ = {isa = PBXBuildFile; fileRef = 346FB1B4196C2437009C0A65 /* UIKit.framework */; };
		346FB1B7196C2437009C0A65 /* CoreData.framework in Frameworks */ = {isa = PBXBuildFile; fileRef = 346FB1B6196C2437009C0A65 /* CoreData.framework */; };
		346FB1BD196C2437009C0A65 /* InfoPlist.strings in Resources */ = {isa = PBXBuildFile; fileRef = 346FB1BB196C2437009C0A65 /* InfoPlist.strings */; };
		346FB1BF196C2437009C0A65 /* main.m in Sources */ = {isa = PBXBuildFile; fileRef = 346FB1BE196C2437009C0A65 /* main.m */; };
		346FB1C3196C2437009C0A65 /* AppDelegate.m in Sources */ = {isa = PBXBuildFile; fileRef = 346FB1C2196C2437009C0A65 /* AppDelegate.m */; };
		346FB1C6196C2437009C0A65 /* Aandacht.xcdatamodeld in Sources */ = {isa = PBXBuildFile; fileRef = 346FB1C4196C2437009C0A65 /* Aandacht.xcdatamodeld */; };
		346FB1C8196C2437009C0A65 /* Images.xcassets in Resources */ = {isa = PBXBuildFile; fileRef = 346FB1C7196C2437009C0A65 /* Images.xcassets */; };
		346FB1CF196C2437009C0A65 /* XCTest.framework in Frameworks */ = {isa = PBXBuildFile; fileRef = 346FB1CE196C2437009C0A65 /* XCTest.framework */; };
		346FB1D0196C2437009C0A65 /* Foundation.framework in Frameworks */ = {isa = PBXBuildFile; fileRef = 346FB1B0196C2437009C0A65 /* Foundation.framework */; };
		346FB1D1196C2437009C0A65 /* UIKit.framework in Frameworks */ = {isa = PBXBuildFile; fileRef = 346FB1B4196C2437009C0A65 /* UIKit.framework */; };
		346FB1D2196C2437009C0A65 /* CoreData.framework in Frameworks */ = {isa = PBXBuildFile; fileRef = 346FB1B6196C2437009C0A65 /* CoreData.framework */; };
		346FB1E8196C2B37009C0A65 /* LoginViewController.m in Sources */ = {isa = PBXBuildFile; fileRef = 346FB1E7196C2B37009C0A65 /* LoginViewController.m */; };
		34BAE647196ECE8C006EE801 /* SwitchView.m in Sources */ = {isa = PBXBuildFile; fileRef = 34BAE646196ECE8C006EE801 /* SwitchView.m */; };
		34BAE64A196EEDB5006EE801 /* incidenten.json in Resources */ = {isa = PBXBuildFile; fileRef = 34BAE649196EEDB5006EE801 /* incidenten.json */; };
		34BAE64B196EEDB5006EE801 /* incidenten.json in Resources */ = {isa = PBXBuildFile; fileRef = 34BAE649196EEDB5006EE801 /* incidenten.json */; };
		34BAE651196FAE85006EE801 /* IncidentListItemButton.m in Sources */ = {isa = PBXBuildFile; fileRef = 34BAE650196FAE85006EE801 /* IncidentListItemButton.m */; };
		34BAE652196FAE85006EE801 /* IncidentListItemButton.m in Sources */ = {isa = PBXBuildFile; fileRef = 34BAE650196FAE85006EE801 /* IncidentListItemButton.m */; };
		34BAE655196FB704006EE801 /* LoggedInStatusView.m in Sources */ = {isa = PBXBuildFile; fileRef = 34BAE654196FB704006EE801 /* LoggedInStatusView.m */; };
		34BAE656196FB704006EE801 /* LoggedInStatusView.m in Sources */ = {isa = PBXBuildFile; fileRef = 34BAE654196FB704006EE801 /* LoggedInStatusView.m */; };
		34BAE659196FC384006EE801 /* ProfilePictureView.m in Sources */ = {isa = PBXBuildFile; fileRef = 34BAE658196FC384006EE801 /* ProfilePictureView.m */; };
		34BAE65A196FC384006EE801 /* ProfilePictureView.m in Sources */ = {isa = PBXBuildFile; fileRef = 34BAE658196FC384006EE801 /* ProfilePictureView.m */; };
		34BAE665196FCD5A006EE801 /* images in Resources */ = {isa = PBXBuildFile; fileRef = 34BAE664196FCD5A006EE801 /* images */; };
		34BAE666196FCD5A006EE801 /* images in Resources */ = {isa = PBXBuildFile; fileRef = 34BAE664196FCD5A006EE801 /* images */; };
/* End PBXBuildFile section */

/* Begin PBXContainerItemProxy section */
		346FB1D3196C2437009C0A65 /* PBXContainerItemProxy */ = {
			isa = PBXContainerItemProxy;
			containerPortal = 346FB1A5196C2437009C0A65 /* Project object */;
			proxyType = 1;
			remoteGlobalIDString = 346FB1AC196C2437009C0A65;
			remoteInfo = Aandacht;
		};
/* End PBXContainerItemProxy section */

/* Begin PBXFileReference section */
		3405C8A0196CB4FB00E87D17 /* brandon_blk-webfont.ttf */ = {isa = PBXFileReference; lastKnownFileType = file; path = "brandon_blk-webfont.ttf"; sourceTree = "<group>"; };
		3405C8A1196CB4FB00E87D17 /* helveticaneue-light-webfont.ttf */ = {isa = PBXFileReference; lastKnownFileType = file; path = "helveticaneue-light-webfont.ttf"; sourceTree = "<group>"; };
		3405C8A2196CB4FB00E87D17 /* helveticaneue-medium-webfont.ttf */ = {isa = PBXFileReference; lastKnownFileType = file; path = "helveticaneue-medium-webfont.ttf"; sourceTree = "<group>"; };
		3405C8A3196CB4FB00E87D17 /* helveticaneue-regular-webfont.ttf */ = {isa = PBXFileReference; lastKnownFileType = file; path = "helveticaneue-regular-webfont.ttf"; sourceTree = "<group>"; };
		3405C8AC196D0E8600E87D17 /* LoginScrollView.h */ = {isa = PBXFileReference; fileEncoding = 4; lastKnownFileType = sourcecode.c.h; path = LoginScrollView.h; sourceTree = "<group>"; };
		3405C8AD196D0E8600E87D17 /* LoginScrollView.m */ = {isa = PBXFileReference; fileEncoding = 4; lastKnownFileType = sourcecode.c.objc; path = LoginScrollView.m; sourceTree = "<group>"; };
		3405C8C3196D31D800E87D17 /* Constants.h */ = {isa = PBXFileReference; fileEncoding = 4; lastKnownFileType = sourcecode.c.h; path = Constants.h; sourceTree = "<group>"; };
		3405C8C4196D31D800E87D17 /* Constants.m */ = {isa = PBXFileReference; fileEncoding = 4; lastKnownFileType = sourcecode.c.objc; path = Constants.m; sourceTree = "<group>"; };
		3405C8CC196D35BA00E87D17 /* en */ = {isa = PBXFileReference; lastKnownFileType = text.plist.strings; name = en; path = en.lproj/Localizable.strings; sourceTree = "<group>"; };
		3405C8DE196D73FC00E87D17 /* IncidentenViewController.h */ = {isa = PBXFileReference; fileEncoding = 4; lastKnownFileType = sourcecode.c.h; path = IncidentenViewController.h; sourceTree = "<group>"; };
		3405C8DF196D73FC00E87D17 /* IncidentenViewController.m */ = {isa = PBXFileReference; fileEncoding = 4; lastKnownFileType = sourcecode.c.objc; path = IncidentenViewController.m; sourceTree = "<group>"; };
		3405C8E6196D745300E87D17 /* IncidentenView.h */ = {isa = PBXFileReference; fileEncoding = 4; lastKnownFileType = sourcecode.c.h; path = IncidentenView.h; sourceTree = "<group>"; };
		3405C8E7196D745300E87D17 /* IncidentenView.m */ = {isa = PBXFileReference; fileEncoding = 4; lastKnownFileType = sourcecode.c.objc; path = IncidentenView.m; sourceTree = "<group>"; };
		3405C8ED196D761000E87D17 /* KaartViewController.h */ = {isa = PBXFileReference; fileEncoding = 4; lastKnownFileType = sourcecode.c.h; path = KaartViewController.h; sourceTree = "<group>"; };
		3405C8EE196D761000E87D17 /* KaartViewController.m */ = {isa = PBXFileReference; fileEncoding = 4; lastKnownFileType = sourcecode.c.objc; path = KaartViewController.m; sourceTree = "<group>"; };
		3405C8F1196D761D00E87D17 /* KaartView.h */ = {isa = PBXFileReference; fileEncoding = 4; lastKnownFileType = sourcecode.c.h; path = KaartView.h; sourceTree = "<group>"; };
		3405C8F2196D761D00E87D17 /* KaartView.m */ = {isa = PBXFileReference; fileEncoding = 4; lastKnownFileType = sourcecode.c.objc; path = KaartView.m; sourceTree = "<group>"; };
		3405C8F5196D762C00E87D17 /* ProfielViewController.h */ = {isa = PBXFileReference; fileEncoding = 4; lastKnownFileType = sourcecode.c.h; path = ProfielViewController.h; sourceTree = "<group>"; };
		3405C8F6196D762C00E87D17 /* ProfielViewController.m */ = {isa = PBXFileReference; fileEncoding = 4; lastKnownFileType = sourcecode.c.objc; path = ProfielViewController.m; sourceTree = "<group>"; };
		3405C8F9196D763800E87D17 /* ProfielView.h */ = {isa = PBXFileReference; fileEncoding = 4; lastKnownFileType = sourcecode.c.h; path = ProfielView.h; sourceTree = "<group>"; };
		3405C8FA196D763800E87D17 /* ProfielView.m */ = {isa = PBXFileReference; fileEncoding = 4; lastKnownFileType = sourcecode.c.objc; path = ProfielView.m; sourceTree = "<group>"; };
		3405C8FD196D764A00E87D17 /* InstellingenViewController.h */ = {isa = PBXFileReference; fileEncoding = 4; lastKnownFileType = sourcecode.c.h; path = InstellingenViewController.h; sourceTree = "<group>"; };
		3405C8FE196D764A00E87D17 /* InstellingenViewController.m */ = {isa = PBXFileReference; fileEncoding = 4; lastKnownFileType = sourcecode.c.objc; path = InstellingenViewController.m; sourceTree = "<group>"; };
		3405C901196D765C00E87D17 /* InstellingenView.h */ = {isa = PBXFileReference; fileEncoding = 4; lastKnownFileType = sourcecode.c.h; path = InstellingenView.h; sourceTree = "<group>"; };
		3405C902196D765C00E87D17 /* InstellingenView.m */ = {isa = PBXFileReference; fileEncoding = 4; lastKnownFileType = sourcecode.c.objc; path = InstellingenView.m; sourceTree = "<group>"; };
		3405C90F196D892000E87D17 /* HeaderView.h */ = {isa = PBXFileReference; fileEncoding = 4; lastKnownFileType = sourcecode.c.h; path = HeaderView.h; sourceTree = "<group>"; };
		3405C910196D892000E87D17 /* HeaderView.m */ = {isa = PBXFileReference; fileEncoding = 4; lastKnownFileType = sourcecode.c.objc; path = HeaderView.m; sourceTree = "<group>"; };
		3405C919196DA3E900E87D17 /* FilterView.h */ = {isa = PBXFileReference; fileEncoding = 4; lastKnownFileType = sourcecode.c.h; path = FilterView.h; sourceTree = "<group>"; };
		3405C91A196DA3E900E87D17 /* FilterView.m */ = {isa = PBXFileReference; fileEncoding = 4; lastKnownFileType = sourcecode.c.objc; path = FilterView.m; sourceTree = "<group>"; };
		3405C926196DF30400E87D17 /* Incident.h */ = {isa = PBXFileReference; fileEncoding = 4; lastKnownFileType = sourcecode.c.h; path = Incident.h; sourceTree = "<group>"; };
		3405C927196DF30400E87D17 /* Incident.m */ = {isa = PBXFileReference; fileEncoding = 4; lastKnownFileType = sourcecode.c.objc; path = Incident.m; sourceTree = "<group>"; };
		3405C92E196E617500E87D17 /* IncidentenListScrollView.h */ = {isa = PBXFileReference; fileEncoding = 4; lastKnownFileType = sourcecode.c.h; path = IncidentenListScrollView.h; sourceTree = "<group>"; };
		3405C92F196E617500E87D17 /* IncidentenListScrollView.m */ = {isa = PBXFileReference; fileEncoding = 4; lastKnownFileType = sourcecode.c.objc; path = IncidentenListScrollView.m; sourceTree = "<group>"; };
		3405C932196E726600E87D17 /* IncidentListItemView.h */ = {isa = PBXFileReference; fileEncoding = 4; lastKnownFileType = sourcecode.c.h; path = IncidentListItemView.h; sourceTree = "<group>"; };
		3405C933196E726600E87D17 /* IncidentListItemView.m */ = {isa = PBXFileReference; fileEncoding = 4; lastKnownFileType = sourcecode.c.objc; path = IncidentListItemView.m; sourceTree = "<group>"; };
		3405C936196EC3E800E87D17 /* helveticaneue-italic.ttf */ = {isa = PBXFileReference; lastKnownFileType = file; path = "helveticaneue-italic.ttf"; sourceTree = "<group>"; };
		346FB1AD196C2437009C0A65 /* Aandacht.app */ = {isa = PBXFileReference; explicitFileType = wrapper.application; includeInIndex = 0; path = Aandacht.app; sourceTree = BUILT_PRODUCTS_DIR; };
		346FB1B0196C2437009C0A65 /* Foundation.framework */ = {isa = PBXFileReference; lastKnownFileType = wrapper.framework; name = Foundation.framework; path = System/Library/Frameworks/Foundation.framework; sourceTree = SDKROOT; };
		346FB1B2196C2437009C0A65 /* CoreGraphics.framework */ = {isa = PBXFileReference; lastKnownFileType = wrapper.framework; name = CoreGraphics.framework; path = System/Library/Frameworks/CoreGraphics.framework; sourceTree = SDKROOT; };
		346FB1B4196C2437009C0A65 /* UIKit.framework */ = {isa = PBXFileReference; lastKnownFileType = wrapper.framework; name = UIKit.framework; path = System/Library/Frameworks/UIKit.framework; sourceTree = SDKROOT; };
		346FB1B6196C2437009C0A65 /* CoreData.framework */ = {isa = PBXFileReference; lastKnownFileType = wrapper.framework; name = CoreData.framework; path = System/Library/Frameworks/CoreData.framework; sourceTree = SDKROOT; };
		346FB1BA196C2437009C0A65 /* Aandacht-Info.plist */ = {isa = PBXFileReference; lastKnownFileType = text.plist.xml; path = "Aandacht-Info.plist"; sourceTree = "<group>"; };
		346FB1BC196C2437009C0A65 /* en */ = {isa = PBXFileReference; lastKnownFileType = text.plist.strings; name = en; path = en.lproj/InfoPlist.strings; sourceTree = "<group>"; };
		346FB1BE196C2437009C0A65 /* main.m */ = {isa = PBXFileReference; lastKnownFileType = sourcecode.c.objc; path = main.m; sourceTree = "<group>"; };
		346FB1C0196C2437009C0A65 /* Aandacht-Prefix.pch */ = {isa = PBXFileReference; lastKnownFileType = sourcecode.c.h; path = "Aandacht-Prefix.pch"; sourceTree = "<group>"; };
		346FB1C1196C2437009C0A65 /* AppDelegate.h */ = {isa = PBXFileReference; lastKnownFileType = sourcecode.c.h; path = AppDelegate.h; sourceTree = "<group>"; };
		346FB1C2196C2437009C0A65 /* AppDelegate.m */ = {isa = PBXFileReference; lastKnownFileType = sourcecode.c.objc; path = AppDelegate.m; sourceTree = "<group>"; };
		346FB1C5196C2437009C0A65 /* Aandacht.xcdatamodel */ = {isa = PBXFileReference; lastKnownFileType = wrapper.xcdatamodel; path = Aandacht.xcdatamodel; sourceTree = "<group>"; };
		346FB1C7196C2437009C0A65 /* Images.xcassets */ = {isa = PBXFileReference; lastKnownFileType = folder.assetcatalog; path = Images.xcassets; sourceTree = "<group>"; };
		346FB1CD196C2437009C0A65 /* AandachtTests.xctest */ = {isa = PBXFileReference; explicitFileType = wrapper.cfbundle; includeInIndex = 0; path = AandachtTests.xctest; sourceTree = BUILT_PRODUCTS_DIR; };
		346FB1CE196C2437009C0A65 /* XCTest.framework */ = {isa = PBXFileReference; lastKnownFileType = wrapper.framework; name = XCTest.framework; path = Library/Frameworks/XCTest.framework; sourceTree = DEVELOPER_DIR; };
		346FB1E6196C2B37009C0A65 /* LoginViewController.h */ = {isa = PBXFileReference; fileEncoding = 4; lastKnownFileType = sourcecode.c.h; path = LoginViewController.h; sourceTree = "<group>"; };
		346FB1E7196C2B37009C0A65 /* LoginViewController.m */ = {isa = PBXFileReference; fileEncoding = 4; lastKnownFileType = sourcecode.c.objc; path = LoginViewController.m; sourceTree = "<group>"; };
		34BAE645196ECE8C006EE801 /* SwitchView.h */ = {isa = PBXFileReference; fileEncoding = 4; lastKnownFileType = sourcecode.c.h; path = SwitchView.h; sourceTree = "<group>"; };
		34BAE646196ECE8C006EE801 /* SwitchView.m */ = {isa = PBXFileReference; fileEncoding = 4; lastKnownFileType = sourcecode.c.objc; path = SwitchView.m; sourceTree = "<group>"; };
		34BAE649196EEDB5006EE801 /* incidenten.json */ = {isa = PBXFileReference; fileEncoding = 4; lastKnownFileType = text.json; path = incidenten.json; sourceTree = "<group>"; };
		34BAE64F196FAE85006EE801 /* IncidentListItemButton.h */ = {isa = PBXFileReference; fileEncoding = 4; lastKnownFileType = sourcecode.c.h; path = IncidentListItemButton.h; sourceTree = "<group>"; };
		34BAE650196FAE85006EE801 /* IncidentListItemButton.m */ = {isa = PBXFileReference; fileEncoding = 4; lastKnownFileType = sourcecode.c.objc; path = IncidentListItemButton.m; sourceTree = "<group>"; };
		34BAE653196FB704006EE801 /* LoggedInStatusView.h */ = {isa = PBXFileReference; fileEncoding = 4; lastKnownFileType = sourcecode.c.h; path = LoggedInStatusView.h; sourceTree = "<group>"; };
		34BAE654196FB704006EE801 /* LoggedInStatusView.m */ = {isa = PBXFileReference; fileEncoding = 4; lastKnownFileType = sourcecode.c.objc; path = LoggedInStatusView.m; sourceTree = "<group>"; };
		34BAE657196FC384006EE801 /* ProfilePictureView.h */ = {isa = PBXFileReference; fileEncoding = 4; lastKnownFileType = sourcecode.c.h; path = ProfilePictureView.h; sourceTree = "<group>"; };
		34BAE658196FC384006EE801 /* ProfilePictureView.m */ = {isa = PBXFileReference; fileEncoding = 4; lastKnownFileType = sourcecode.c.objc; path = ProfilePictureView.m; sourceTree = "<group>"; };
		34BAE664196FCD5A006EE801 /* images */ = {isa = PBXFileReference; lastKnownFileType = folder; path = images; sourceTree = "<group>"; };
/* End PBXFileReference section */

/* Begin PBXFrameworksBuildPhase section */
		346FB1AA196C2437009C0A65 /* Frameworks */ = {
			isa = PBXFrameworksBuildPhase;
			buildActionMask = 2147483647;
			files = (
				346FB1B3196C2437009C0A65 /* CoreGraphics.framework in Frameworks */,
				346FB1B7196C2437009C0A65 /* CoreData.framework in Frameworks */,
				346FB1B5196C2437009C0A65 /* UIKit.framework in Frameworks */,
				346FB1B1196C2437009C0A65 /* Foundation.framework in Frameworks */,
			);
			runOnlyForDeploymentPostprocessing = 0;
		};
		346FB1CA196C2437009C0A65 /* Frameworks */ = {
			isa = PBXFrameworksBuildPhase;
			buildActionMask = 2147483647;
			files = (
				346FB1CF196C2437009C0A65 /* XCTest.framework in Frameworks */,
				346FB1D2196C2437009C0A65 /* CoreData.framework in Frameworks */,
				346FB1D1196C2437009C0A65 /* UIKit.framework in Frameworks */,
				346FB1D0196C2437009C0A65 /* Foundation.framework in Frameworks */,
			);
			runOnlyForDeploymentPostprocessing = 0;
		};
/* End PBXFrameworksBuildPhase section */

/* Begin PBXGroup section */
		3405C897196CB2A100E87D17 /* fonts */ = {
			isa = PBXGroup;
			children = (
				3405C936196EC3E800E87D17 /* helveticaneue-italic.ttf */,
				3405C8A0196CB4FB00E87D17 /* brandon_blk-webfont.ttf */,
				3405C8A1196CB4FB00E87D17 /* helveticaneue-light-webfont.ttf */,
				3405C8A2196CB4FB00E87D17 /* helveticaneue-medium-webfont.ttf */,
				3405C8A3196CB4FB00E87D17 /* helveticaneue-regular-webfont.ttf */,
			);
			name = fonts;
			sourceTree = "<group>";
		};
		3405C8C2196D31C900E87D17 /* Supporting Classes */ = {
			isa = PBXGroup;
			children = (
				3405C8C3196D31D800E87D17 /* Constants.h */,
				3405C8C4196D31D800E87D17 /* Constants.m */,
			);
			name = "Supporting Classes";
			sourceTree = "<group>";
		};
		3405C8DD196D73DF00E87D17 /* Incidenten */ = {
			isa = PBXGroup;
			children = (
				34BAE667196FE407006EE801 /* Incidenten Detail */,
				3405C8DE196D73FC00E87D17 /* IncidentenViewController.h */,
				3405C8DF196D73FC00E87D17 /* IncidentenViewController.m */,
				3405C8E6196D745300E87D17 /* IncidentenView.h */,
				3405C8E7196D745300E87D17 /* IncidentenView.m */,
				3405C919196DA3E900E87D17 /* FilterView.h */,
				3405C91A196DA3E900E87D17 /* FilterView.m */,
				3405C92E196E617500E87D17 /* IncidentenListScrollView.h */,
				3405C92F196E617500E87D17 /* IncidentenListScrollView.m */,
				3405C932196E726600E87D17 /* IncidentListItemView.h */,
				3405C933196E726600E87D17 /* IncidentListItemView.m */,
				34BAE64F196FAE85006EE801 /* IncidentListItemButton.h */,
				34BAE650196FAE85006EE801 /* IncidentListItemButton.m */,
			);
			name = Incidenten;
			sourceTree = "<group>";
		};
		3405C8EA196D75EA00E87D17 /* Kaart */ = {
			isa = PBXGroup;
			children = (
				3405C8ED196D761000E87D17 /* KaartViewController.h */,
				3405C8EE196D761000E87D17 /* KaartViewController.m */,
				3405C8F1196D761D00E87D17 /* KaartView.h */,
				3405C8F2196D761D00E87D17 /* KaartView.m */,
			);
			name = Kaart;
			sourceTree = "<group>";
		};
		3405C8EB196D75F100E87D17 /* Profiel */ = {
			isa = PBXGroup;
			children = (
				3405C8F5196D762C00E87D17 /* ProfielViewController.h */,
				3405C8F6196D762C00E87D17 /* ProfielViewController.m */,
				3405C8F9196D763800E87D17 /* ProfielView.h */,
				3405C8FA196D763800E87D17 /* ProfielView.m */,
				34BAE653196FB704006EE801 /* LoggedInStatusView.h */,
				34BAE654196FB704006EE801 /* LoggedInStatusView.m */,
				34BAE657196FC384006EE801 /* ProfilePictureView.h */,
				34BAE658196FC384006EE801 /* ProfilePictureView.m */,
			);
			name = Profiel;
			sourceTree = "<group>";
		};
		3405C8EC196D75FF00E87D17 /* Instellingen */ = {
			isa = PBXGroup;
			children = (
				3405C8FD196D764A00E87D17 /* InstellingenViewController.h */,
				3405C8FE196D764A00E87D17 /* InstellingenViewController.m */,
				3405C901196D765C00E87D17 /* InstellingenView.h */,
				3405C902196D765C00E87D17 /* InstellingenView.m */,
				34BAE645196ECE8C006EE801 /* SwitchView.h */,
				34BAE646196ECE8C006EE801 /* SwitchView.m */,
			);
			name = Instellingen;
			sourceTree = "<group>";
		};
		3405C925196DF2F300E87D17 /* Data Objects */ = {
			isa = PBXGroup;
			children = (
				3405C926196DF30400E87D17 /* Incident.h */,
				3405C927196DF30400E87D17 /* Incident.m */,
			);
			name = "Data Objects";
			sourceTree = "<group>";
		};
		346FB1A4196C2437009C0A65 = {
			isa = PBXGroup;
			children = (
				34BAE664196FCD5A006EE801 /* images */,
				34BAE648196EEDA9006EE801 /* data */,
				3405C897196CB2A100E87D17 /* fonts */,
				346FB1B8196C2437009C0A65 /* Aandacht */,
				346FB1AF196C2437009C0A65 /* Frameworks */,
				346FB1AE196C2437009C0A65 /* Products */,
			);
			sourceTree = "<group>";
		};
		346FB1AE196C2437009C0A65 /* Products */ = {
			isa = PBXGroup;
			children = (
				346FB1AD196C2437009C0A65 /* Aandacht.app */,
				346FB1CD196C2437009C0A65 /* AandachtTests.xctest */,
			);
			name = Products;
			sourceTree = "<group>";
		};
		346FB1AF196C2437009C0A65 /* Frameworks */ = {
			isa = PBXGroup;
			children = (
				346FB1B0196C2437009C0A65 /* Foundation.framework */,
				346FB1B2196C2437009C0A65 /* CoreGraphics.framework */,
				346FB1B4196C2437009C0A65 /* UIKit.framework */,
				346FB1B6196C2437009C0A65 /* CoreData.framework */,
				346FB1CE196C2437009C0A65 /* XCTest.framework */,
			);
			name = Frameworks;
			sourceTree = "<group>";
		};
		346FB1B8196C2437009C0A65 /* Aandacht */ = {
			isa = PBXGroup;
			children = (
				3405C925196DF2F300E87D17 /* Data Objects */,
				3405C8EC196D75FF00E87D17 /* Instellingen */,
				3405C8EB196D75F100E87D17 /* Profiel */,
				3405C8EA196D75EA00E87D17 /* Kaart */,
				3405C8DD196D73DF00E87D17 /* Incidenten */,
				3405C8C2196D31C900E87D17 /* Supporting Classes */,
				346FB1E5196C2AFC009C0A65 /* Login */,
				346FB1C1196C2437009C0A65 /* AppDelegate.h */,
				346FB1C2196C2437009C0A65 /* AppDelegate.m */,
				346FB1C7196C2437009C0A65 /* Images.xcassets */,
				346FB1C4196C2437009C0A65 /* Aandacht.xcdatamodeld */,
				346FB1B9196C2437009C0A65 /* Supporting Files */,
				3405C90F196D892000E87D17 /* HeaderView.h */,
				3405C910196D892000E87D17 /* HeaderView.m */,
			);
			path = Aandacht;
			sourceTree = "<group>";
		};
		346FB1B9196C2437009C0A65 /* Supporting Files */ = {
			isa = PBXGroup;
			children = (
				346FB1BA196C2437009C0A65 /* Aandacht-Info.plist */,
				346FB1BB196C2437009C0A65 /* InfoPlist.strings */,
				346FB1BE196C2437009C0A65 /* main.m */,
				346FB1C0196C2437009C0A65 /* Aandacht-Prefix.pch */,
				3405C8CD196D35BA00E87D17 /* Localizable.strings */,
			);
			name = "Supporting Files";
			sourceTree = "<group>";
		};
		346FB1E5196C2AFC009C0A65 /* Login */ = {
			isa = PBXGroup;
			children = (
				346FB1E6196C2B37009C0A65 /* LoginViewController.h */,
				346FB1E7196C2B37009C0A65 /* LoginViewController.m */,
				3405C8AC196D0E8600E87D17 /* LoginScrollView.h */,
				3405C8AD196D0E8600E87D17 /* LoginScrollView.m */,
			);
			name = Login;
			sourceTree = "<group>";
		};
		34BAE648196EEDA9006EE801 /* data */ = {
			isa = PBXGroup;
			children = (
				34BAE649196EEDB5006EE801 /* incidenten.json */,
			);
			name = data;
			sourceTree = "<group>";
		};
		34BAE667196FE407006EE801 /* Incidenten Detail */ = {
			isa = PBXGroup;
			children = (
			);
			name = "Incidenten Detail";
			sourceTree = "<group>";
		};
/* End PBXGroup section */

/* Begin PBXNativeTarget section */
		346FB1AC196C2437009C0A65 /* Aandacht */ = {
			isa = PBXNativeTarget;
			buildConfigurationList = 346FB1DF196C2437009C0A65 /* Build configuration list for PBXNativeTarget "Aandacht" */;
			buildPhases = (
				346FB1A9196C2437009C0A65 /* Sources */,
				346FB1AA196C2437009C0A65 /* Frameworks */,
				346FB1AB196C2437009C0A65 /* Resources */,
			);
			buildRules = (
			);
			dependencies = (
			);
			name = Aandacht;
			productName = Aandacht;
			productReference = 346FB1AD196C2437009C0A65 /* Aandacht.app */;
			productType = "com.apple.product-type.application";
		};
		346FB1CC196C2437009C0A65 /* AandachtTests */ = {
			isa = PBXNativeTarget;
			buildConfigurationList = 346FB1E2196C2437009C0A65 /* Build configuration list for PBXNativeTarget "AandachtTests" */;
			buildPhases = (
				346FB1C9196C2437009C0A65 /* Sources */,
				346FB1CA196C2437009C0A65 /* Frameworks */,
				346FB1CB196C2437009C0A65 /* Resources */,
			);
			buildRules = (
			);
			dependencies = (
				346FB1D4196C2437009C0A65 /* PBXTargetDependency */,
			);
			name = AandachtTests;
			productName = AandachtTests;
			productReference = 346FB1CD196C2437009C0A65 /* AandachtTests.xctest */;
			productType = "com.apple.product-type.bundle.unit-test";
		};
/* End PBXNativeTarget section */

/* Begin PBXProject section */
		346FB1A5196C2437009C0A65 /* Project object */ = {
			isa = PBXProject;
			attributes = {
				LastUpgradeCheck = 0510;
				ORGANIZATIONNAME = "Bastiaan Andriessen";
				TargetAttributes = {
					346FB1AC196C2437009C0A65 = {
						DevelopmentTeam = 9RZW73LTB7;
					};
					346FB1CC196C2437009C0A65 = {
						TestTargetID = 346FB1AC196C2437009C0A65;
					};
				};
			};
			buildConfigurationList = 346FB1A8196C2437009C0A65 /* Build configuration list for PBXProject "Aandacht" */;
			compatibilityVersion = "Xcode 3.2";
			developmentRegion = English;
			hasScannedForEncodings = 0;
			knownRegions = (
				en,
			);
			mainGroup = 346FB1A4196C2437009C0A65;
			productRefGroup = 346FB1AE196C2437009C0A65 /* Products */;
			projectDirPath = "";
			projectRoot = "";
			targets = (
				346FB1AC196C2437009C0A65 /* Aandacht */,
				346FB1CC196C2437009C0A65 /* AandachtTests */,
			);
		};
/* End PBXProject section */

/* Begin PBXResourcesBuildPhase section */
		346FB1AB196C2437009C0A65 /* Resources */ = {
			isa = PBXResourcesBuildPhase;
			buildActionMask = 2147483647;
			files = (
				34BAE665196FCD5A006EE801 /* images in Resources */,
				3405C8A6196CB4FB00E87D17 /* helveticaneue-light-webfont.ttf in Resources */,
				3405C8A4196CB4FB00E87D17 /* brandon_blk-webfont.ttf in Resources */,
				346FB1BD196C2437009C0A65 /* InfoPlist.strings in Resources */,
				3405C8A8196CB4FB00E87D17 /* helveticaneue-medium-webfont.ttf in Resources */,
				346FB1C8196C2437009C0A65 /* Images.xcassets in Resources */,
				34BAE64A196EEDB5006EE801 /* incidenten.json in Resources */,
				3405C8CA196D35BA00E87D17 /* Localizable.strings in Resources */,
				3405C937196EC3E800E87D17 /* helveticaneue-italic.ttf in Resources */,
				3405C8AA196CB4FB00E87D17 /* helveticaneue-regular-webfont.ttf in Resources */,
			);
			runOnlyForDeploymentPostprocessing = 0;
		};
		346FB1CB196C2437009C0A65 /* Resources */ = {
			isa = PBXResourcesBuildPhase;
			buildActionMask = 2147483647;
			files = (
				34BAE64B196EEDB5006EE801 /* incidenten.json in Resources */,
				3405C938196EC3E800E87D17 /* helveticaneue-italic.ttf in Resources */,
				3405C8CB196D35BA00E87D17 /* Localizable.strings in Resources */,
				3405C8AB196CB4FB00E87D17 /* helveticaneue-regular-webfont.ttf in Resources */,
				34BAE666196FCD5A006EE801 /* images in Resources */,
				3405C8A7196CB4FB00E87D17 /* helveticaneue-light-webfont.ttf in Resources */,
				3405C8A9196CB4FB00E87D17 /* helveticaneue-medium-webfont.ttf in Resources */,
				3405C8A5196CB4FB00E87D17 /* brandon_blk-webfont.ttf in Resources */,
			);
			runOnlyForDeploymentPostprocessing = 0;
		};
/* End PBXResourcesBuildPhase section */

/* Begin PBXSourcesBuildPhase section */
		346FB1A9196C2437009C0A65 /* Sources */ = {
			isa = PBXSourcesBuildPhase;
			buildActionMask = 2147483647;
			files = (
				34BAE659196FC384006EE801 /* ProfilePictureView.m in Sources */,
				34BAE647196ECE8C006EE801 /* SwitchView.m in Sources */,
				346FB1E8196C2B37009C0A65 /* LoginViewController.m in Sources */,
				3405C911196D892000E87D17 /* HeaderView.m in Sources */,
				34BAE655196FB704006EE801 /* LoggedInStatusView.m in Sources */,
				3405C8F7196D762C00E87D17 /* ProfielViewController.m in Sources */,
				3405C930196E617500E87D17 /* IncidentenListScrollView.m in Sources */,
				346FB1C3196C2437009C0A65 /* AppDelegate.m in Sources */,
				3405C934196E726600E87D17 /* IncidentListItemView.m in Sources */,
				3405C8F3196D761D00E87D17 /* KaartView.m in Sources */,
				3405C8E0196D73FC00E87D17 /* IncidentenViewController.m in Sources */,
				3405C8EF196D761000E87D17 /* KaartViewController.m in Sources */,
				346FB1C6196C2437009C0A65 /* Aandacht.xcdatamodeld in Sources */,
				3405C91B196DA3E900E87D17 /* FilterView.m in Sources */,
				3405C8AE196D0E8600E87D17 /* LoginScrollView.m in Sources */,
				3405C8FF196D764A00E87D17 /* InstellingenViewController.m in Sources */,
				3405C8FB196D763800E87D17 /* ProfielView.m in Sources */,
				3405C903196D765C00E87D17 /* InstellingenView.m in Sources */,
				346FB1BF196C2437009C0A65 /* main.m in Sources */,
				3405C8C5196D31D800E87D17 /* Constants.m in Sources */,
				3405C8E8196D745300E87D17 /* IncidentenView.m in Sources */,
				34BAE651196FAE85006EE801 /* IncidentListItemButton.m in Sources */,
				3405C928196DF30400E87D17 /* Incident.m in Sources */,
			);
			runOnlyForDeploymentPostprocessing = 0;
		};
		346FB1C9196C2437009C0A65 /* Sources */ = {
			isa = PBXSourcesBuildPhase;
			buildActionMask = 2147483647;
			files = (
				3405C8F4196D761D00E87D17 /* KaartView.m in Sources */,
				3405C8AF196D0E8600E87D17 /* LoginScrollView.m in Sources */,
				3405C8E1196D73FC00E87D17 /* IncidentenViewController.m in Sources */,
				3405C931196E617500E87D17 /* IncidentenListScrollView.m in Sources */,
				3405C8C6196D31D800E87D17 /* Constants.m in Sources */,
				3405C935196E726600E87D17 /* IncidentListItemView.m in Sources */,
				3405C91C196DA3E900E87D17 /* FilterView.m in Sources */,
				3405C900196D764A00E87D17 /* InstellingenViewController.m in Sources */,
				34BAE652196FAE85006EE801 /* IncidentListItemButton.m in Sources */,
				3405C912196D892000E87D17 /* HeaderView.m in Sources */,
				34BAE656196FB704006EE801 /* LoggedInStatusView.m in Sources */,
				3405C929196DF30400E87D17 /* Incident.m in Sources */,
				3405C8FC196D763800E87D17 /* ProfielView.m in Sources */,
				34BAE65A196FC384006EE801 /* ProfilePictureView.m in Sources */,
				3405C904196D765C00E87D17 /* InstellingenView.m in Sources */,
				3405C8F0196D761000E87D17 /* KaartViewController.m in Sources */,
				3405C8E9196D745300E87D17 /* IncidentenView.m in Sources */,
				3405C8F8196D762C00E87D17 /* ProfielViewController.m in Sources */,
			);
			runOnlyForDeploymentPostprocessing = 0;
		};
/* End PBXSourcesBuildPhase section */

/* Begin PBXTargetDependency section */
		346FB1D4196C2437009C0A65 /* PBXTargetDependency */ = {
			isa = PBXTargetDependency;
			target = 346FB1AC196C2437009C0A65 /* Aandacht */;
			targetProxy = 346FB1D3196C2437009C0A65 /* PBXContainerItemProxy */;
		};
/* End PBXTargetDependency section */

/* Begin PBXVariantGroup section */
		3405C8CD196D35BA00E87D17 /* Localizable.strings */ = {
			isa = PBXVariantGroup;
			children = (
				3405C8CC196D35BA00E87D17 /* en */,
			);
			name = Localizable.strings;
			sourceTree = "<group>";
		};
		346FB1BB196C2437009C0A65 /* InfoPlist.strings */ = {
			isa = PBXVariantGroup;
			children = (
				346FB1BC196C2437009C0A65 /* en */,
			);
			name = InfoPlist.strings;
			sourceTree = "<group>";
		};
/* End PBXVariantGroup section */

/* Begin XCBuildConfiguration section */
		346FB1DD196C2437009C0A65 /* Debug */ = {
			isa = XCBuildConfiguration;
			buildSettings = {
				ALWAYS_SEARCH_USER_PATHS = NO;
				CLANG_CXX_LANGUAGE_STANDARD = "gnu++0x";
				CLANG_CXX_LIBRARY = "libc++";
				CLANG_ENABLE_MODULES = YES;
				CLANG_ENABLE_OBJC_ARC = YES;
				CLANG_WARN_BOOL_CONVERSION = YES;
				CLANG_WARN_CONSTANT_CONVERSION = YES;
				CLANG_WARN_DIRECT_OBJC_ISA_USAGE = YES_ERROR;
				CLANG_WARN_EMPTY_BODY = YES;
				CLANG_WARN_ENUM_CONVERSION = YES;
				CLANG_WARN_INT_CONVERSION = YES;
				CLANG_WARN_OBJC_ROOT_CLASS = YES_ERROR;
				CLANG_WARN__DUPLICATE_METHOD_MATCH = YES;
				"CODE_SIGN_IDENTITY[sdk=iphoneos*]" = "iPhone Developer";
				COPY_PHASE_STRIP = NO;
				GCC_C_LANGUAGE_STANDARD = gnu99;
				GCC_DYNAMIC_NO_PIC = NO;
				GCC_OPTIMIZATION_LEVEL = 0;
				GCC_PREPROCESSOR_DEFINITIONS = (
					"DEBUG=1",
					"$(inherited)",
				);
				GCC_SYMBOLS_PRIVATE_EXTERN = NO;
				GCC_WARN_64_TO_32_BIT_CONVERSION = YES;
				GCC_WARN_ABOUT_RETURN_TYPE = YES_ERROR;
				GCC_WARN_UNDECLARED_SELECTOR = YES;
				GCC_WARN_UNINITIALIZED_AUTOS = YES_AGGRESSIVE;
				GCC_WARN_UNUSED_FUNCTION = YES;
				GCC_WARN_UNUSED_VARIABLE = YES;
				IPHONEOS_DEPLOYMENT_TARGET = 7.1;
				ONLY_ACTIVE_ARCH = YES;
				SDKROOT = iphoneos;
			};
			name = Debug;
		};
		346FB1DE196C2437009C0A65 /* Release */ = {
			isa = XCBuildConfiguration;
			buildSettings = {
				ALWAYS_SEARCH_USER_PATHS = NO;
				CLANG_CXX_LANGUAGE_STANDARD = "gnu++0x";
				CLANG_CXX_LIBRARY = "libc++";
				CLANG_ENABLE_MODULES = YES;
				CLANG_ENABLE_OBJC_ARC = YES;
				CLANG_WARN_BOOL_CONVERSION = YES;
				CLANG_WARN_CONSTANT_CONVERSION = YES;
				CLANG_WARN_DIRECT_OBJC_ISA_USAGE = YES_ERROR;
				CLANG_WARN_EMPTY_BODY = YES;
				CLANG_WARN_ENUM_CONVERSION = YES;
				CLANG_WARN_INT_CONVERSION = YES;
				CLANG_WARN_OBJC_ROOT_CLASS = YES_ERROR;
				CLANG_WARN__DUPLICATE_METHOD_MATCH = YES;
				"CODE_SIGN_IDENTITY[sdk=iphoneos*]" = "iPhone Developer";
				COPY_PHASE_STRIP = YES;
				ENABLE_NS_ASSERTIONS = NO;
				GCC_C_LANGUAGE_STANDARD = gnu99;
				GCC_WARN_64_TO_32_BIT_CONVERSION = YES;
				GCC_WARN_ABOUT_RETURN_TYPE = YES_ERROR;
				GCC_WARN_UNDECLARED_SELECTOR = YES;
				GCC_WARN_UNINITIALIZED_AUTOS = YES_AGGRESSIVE;
				GCC_WARN_UNUSED_FUNCTION = YES;
				GCC_WARN_UNUSED_VARIABLE = YES;
				IPHONEOS_DEPLOYMENT_TARGET = 7.1;
				SDKROOT = iphoneos;
				VALIDATE_PRODUCT = YES;
			};
			name = Release;
		};
		346FB1E0196C2437009C0A65 /* Debug */ = {
			isa = XCBuildConfiguration;
			buildSettings = {
				ASSETCATALOG_COMPILER_APPICON_NAME = AppIcon;
				ASSETCATALOG_COMPILER_LAUNCHIMAGE_NAME = LaunchImage;
				CODE_SIGN_IDENTITY = "iPhone Developer";
				"CODE_SIGN_IDENTITY[sdk=iphoneos*]" = "iPhone Developer";
				GCC_PRECOMPILE_PREFIX_HEADER = YES;
				GCC_PREFIX_HEADER = "Aandacht/Aandacht-Prefix.pch";
				INFOPLIST_FILE = "Aandacht/Aandacht-Info.plist";
				PRODUCT_NAME = "$(TARGET_NAME)";
				PROVISIONING_PROFILE = "";
				WRAPPER_EXTENSION = app;
			};
			name = Debug;
		};
		346FB1E1196C2437009C0A65 /* Release */ = {
			isa = XCBuildConfiguration;
			buildSettings = {
				ASSETCATALOG_COMPILER_APPICON_NAME = AppIcon;
				ASSETCATALOG_COMPILER_LAUNCHIMAGE_NAME = LaunchImage;
				CODE_SIGN_IDENTITY = "iPhone Developer";
				"CODE_SIGN_IDENTITY[sdk=iphoneos*]" = "iPhone Developer";
				GCC_PRECOMPILE_PREFIX_HEADER = YES;
				GCC_PREFIX_HEADER = "Aandacht/Aandacht-Prefix.pch";
				INFOPLIST_FILE = "Aandacht/Aandacht-Info.plist";
				PRODUCT_NAME = "$(TARGET_NAME)";
				PROVISIONING_PROFILE = "";
				WRAPPER_EXTENSION = app;
			};
			name = Release;
		};
		346FB1E3196C2437009C0A65 /* Debug */ = {
			isa = XCBuildConfiguration;
			buildSettings = {
				BUNDLE_LOADER = "$(BUILT_PRODUCTS_DIR)/Aandacht.app/Aandacht";
				FRAMEWORK_SEARCH_PATHS = (
					"$(SDKROOT)/Developer/Library/Frameworks",
					"$(inherited)",
					"$(DEVELOPER_FRAMEWORKS_DIR)",
				);
				GCC_PRECOMPILE_PREFIX_HEADER = YES;
				GCC_PREFIX_HEADER = "Aandacht/Aandacht-Prefix.pch";
				GCC_PREPROCESSOR_DEFINITIONS = (
					"DEBUG=1",
					"$(inherited)",
				);
				INFOPLIST_FILE = "AandachtTests/AandachtTests-Info.plist";
				PRODUCT_NAME = "$(TARGET_NAME)";
				TEST_HOST = "$(BUNDLE_LOADER)";
				WRAPPER_EXTENSION = xctest;
			};
			name = Debug;
		};
		346FB1E4196C2437009C0A65 /* Release */ = {
			isa = XCBuildConfiguration;
			buildSettings = {
				BUNDLE_LOADER = "$(BUILT_PRODUCTS_DIR)/Aandacht.app/Aandacht";
				FRAMEWORK_SEARCH_PATHS = (
					"$(SDKROOT)/Developer/Library/Frameworks",
					"$(inherited)",
					"$(DEVELOPER_FRAMEWORKS_DIR)",
				);
				GCC_PRECOMPILE_PREFIX_HEADER = YES;
				GCC_PREFIX_HEADER = "Aandacht/Aandacht-Prefix.pch";
				INFOPLIST_FILE = "AandachtTests/AandachtTests-Info.plist";
				PRODUCT_NAME = "$(TARGET_NAME)";
				TEST_HOST = "$(BUNDLE_LOADER)";
				WRAPPER_EXTENSION = xctest;
			};
			name = Release;
		};
/* End XCBuildConfiguration section */

/* Begin XCConfigurationList section */
		346FB1A8196C2437009C0A65 /* Build configuration list for PBXProject "Aandacht" */ = {
			isa = XCConfigurationList;
			buildConfigurations = (
				346FB1DD196C2437009C0A65 /* Debug */,
				346FB1DE196C2437009C0A65 /* Release */,
			);
			defaultConfigurationIsVisible = 0;
			defaultConfigurationName = Release;
		};
		346FB1DF196C2437009C0A65 /* Build configuration list for PBXNativeTarget "Aandacht" */ = {
			isa = XCConfigurationList;
			buildConfigurations = (
				346FB1E0196C2437009C0A65 /* Debug */,
				346FB1E1196C2437009C0A65 /* Release */,
			);
			defaultConfigurationIsVisible = 0;
			defaultConfigurationName = Release;
		};
		346FB1E2196C2437009C0A65 /* Build configuration list for PBXNativeTarget "AandachtTests" */ = {
			isa = XCConfigurationList;
			buildConfigurations = (
				346FB1E3196C2437009C0A65 /* Debug */,
				346FB1E4196C2437009C0A65 /* Release */,
			);
			defaultConfigurationIsVisible = 0;
			defaultConfigurationName = Release;
		};
/* End XCConfigurationList section */

/* Begin XCVersionGroup section */
		346FB1C4196C2437009C0A65 /* Aandacht.xcdatamodeld */ = {
			isa = XCVersionGroup;
			children = (
				346FB1C5196C2437009C0A65 /* Aandacht.xcdatamodel */,
			);
			currentVersion = 346FB1C5196C2437009C0A65 /* Aandacht.xcdatamodel */;
			path = Aandacht.xcdatamodeld;
			sourceTree = "<group>";
			versionGroupType = wrapper.xcdatamodel;
		};
/* End XCVersionGroup section */
	};
	rootObject = 346FB1A5196C2437009C0A65 /* Project object */;
}
